
Microsoft Visual Studio Solution File, Format Version 12.00
# Visual Studio Version 17
VisualStudioVersion = 17.8.34525.116
MinimumVisualStudioVersion = 10.0.40219.1
Project("{FAE04EC0-301F-11D3-BF4B-00C04F79EFBC}") = "onlineBanking-Demo", "onlineBanking-Demo\onlineBanking-Demo.csproj", "{838F2C14-7CAA-44CB-A4C1-72E532FC3E89}"
EndProject
Global
	GlobalSection(SolutionConfigurationPlatforms) = preSolution
		Debug|Any CPU = Debug|Any CPU
		Release|Any CPU = Release|Any CPU
	EndGlobalSection
	GlobalSection(ProjectConfigurationPlatforms) = postSolution
		{838F2C14-7CAA-44CB-A4C1-72E532FC3E89}.Debug|Any CPU.ActiveCfg = Debug|Any CPU
		{838F2C14-7CAA-44CB-A4C1-72E532FC3E89}.Debug|Any CPU.Build.0 = Debug|Any CPU
		{838F2C14-7CAA-44CB-A4C1-72E532FC3E89}.Release|Any CPU.ActiveCfg = Release|Any CPU
		{838F2C14-7CAA-44CB-A4C1-72E532FC3E89}.Release|Any CPU.Build.0 = Release|Any CPU
	EndGlobalSection
	GlobalSection(SolutionProperties) = preSolution
		HideSolutionNode = FALSE
	EndGlobalSection
	GlobalSection(ExtensibilityGlobals) = postSolution
		SolutionGuid = {6586F11F-903E-4D17-8A34-C3524326F7AB}
	EndGlobalSection
EndGlobal
